
Microsoft Visual Studio Solution File, Format Version 12.00
# Visual Studio Version 16
VisualStudioVersion = 16.0.29521.150
MinimumVisualStudioVersion = 10.0.40219.1
Project("{FAE04EC0-301F-11D3-BF4B-00C04F79EFBC}") = "ps2", "ps2\ps2.csproj", "{B9B96EA0-517A-40F7-B0A8-E622FAB8BA14}"
EndProject
Global
	GlobalSection(SolutionConfigurationPlatforms) = preSolution
		Debug|Any CPU = Debug|Any CPU
		Release|Any CPU = Release|Any CPU
	EndGlobalSection
	GlobalSection(ProjectConfigurationPlatforms) = postSolution
		{B9B96EA0-517A-40F7-B0A8-E622FAB8BA14}.Debug|Any CPU.ActiveCfg = Debug|Any CPU
		{B9B96EA0-517A-40F7-B0A8-E622FAB8BA14}.Debug|Any CPU.Build.0 = Debug|Any CPU
		{B9B96EA0-517A-40F7-B0A8-E622FAB8BA14}.Release|Any CPU.ActiveCfg = Release|Any CPU
		{B9B96EA0-517A-40F7-B0A8-E622FAB8BA14}.Release|Any CPU.Build.0 = Release|Any CPU
	EndGlobalSection
	GlobalSection(SolutionProperties) = preSolution
		HideSolutionNode = FALSE
	EndGlobalSection
	GlobalSection(ExtensibilityGlobals) = postSolution
		SolutionGuid = {CC7383AF-6ABB-441A-A021-D72A4053DAC7}
	EndGlobalSection
EndGlobal
